# THIS IS AN AUTOGENERATED FILE. DO NOT EDIT THIS FILE DIRECTLY.
# yarn lockfile v1


"@typoerr/atomic@^0.0.13":
  version "0.0.13"
  resolved "https://registry.yarnpkg.com/@typoerr/atomic/-/atomic-0.0.13.tgz#dd02411853a7ee0558cf21f65ec84a7ea470caf6"
  integrity sha512-MIXpnSLKWVhVwO/ACT58yjW0ZG60X/TkDIn4dEm6F0X2nJXkX4rdTXr0qr/5QI+Ybxsdj+f2JS4M6wQXaqoPsQ==
